%{"ace": {:hex, :ace, "0.9.0", "c7255dea811db3ec8b4d461c852f746896de800aba94d3a3afaa0e165edc34e7", [:mix], [], "hexpm"},
  "ace_http": {:hex, :ace_http, "0.4.5", "3227ec8407f7eecbeeb9026b854c07b28c4f6b2f9617d99d1997788a8c962b46", [:mix], [{:ace, "~> 0.9.0", [hex: :ace, repo: "hexpm", optional: false]}, {:http_status, "~> 0.2.0", [hex: :http_status, repo: "hexpm", optional: false]}, {:raxx, "~> 0.11.1", [hex: :raxx, repo: "hexpm", optional: false]}], "hexpm"},
  "distillery": {:hex, :distillery, "1.4.0", "d633cd322c8efa0428082b00b7f902daf8caa166d45f9022bbc19a896d2e1e56", [:mix], [], "hexpm"},
  "gproc": {:hex, :gproc, "0.3.1", "ec14f40cb941bde3f940de59c11e59beb2977e90dbae72fab3ddf77743fd4ea9", [:rebar], [], "hexpm"},
  "http_status": {:hex, :http_status, "0.2.1", "74fa942b5874966a25088162e5297ad52dd5e6a29b88ad4a73953aa55e58e3bb", [:mix], [], "hexpm"},
  "mime": {:hex, :mime, "1.1.0", "01c1d6f4083d8aa5c7b8c246ade95139620ef8effb009edde934e0ec3b28090a", [:mix], [], "hexpm"},
  "mix_docker": {:hex, :mix_docker, "0.4.2", "366b99bf6091155f40d408db5d8509a8760fd669442eeacdcf8444effc9f04d6", [:mix], [{:distillery, "~> 1.2", [hex: :distillery, repo: "hexpm", optional: false]}], "hexpm"},
  "plug": {:hex, :plug, "1.3.5", "7503bfcd7091df2a9761ef8cecea666d1f2cc454cbbaf0afa0b6e259203b7031", [:mix], [{:cowboy, "~> 1.0.1 or ~> 1.1", [hex: :cowboy, repo: "hexpm", optional: true]}, {:mime, "~> 1.0", [hex: :mime, repo: "hexpm", optional: false]}], "hexpm"},
  "raxx": {:hex, :raxx, "0.11.1", "9e2e8955fae9ecd33dc0a6d9cd50d083b209f3c859c548db0197ce39b9247146", [:mix], [{:http_status, "~> 0.2", [hex: :http_status, repo: "hexpm", optional: false]}, {:mime, "~> 1.0", [hex: :mime, repo: "hexpm", optional: false]}, {:plug, "~> 1.2", [hex: :plug, repo: "hexpm", optional: false]}], "hexpm"},
  "raxx_cookie": {:hex, :raxx_cookie, "0.1.0", "caa7304180dcedfc166d28648c3a1baa142d89e2aa9a5406616f76686a8bedb7", [:mix], [], "hexpm"},
  "raxx_static": {:hex, :raxx_static, "0.3.0", "1c49edf960227e7125a388355fcc8a2419fea52d6f36cc6cc09d9efb854b0a87", [:mix], [{:raxx, "~> 0.11.0", [hex: :raxx, repo: "hexpm", optional: false]}], "hexpm"},
  "server_sent_event": {:hex, :server_sent_event, "0.1.0", "bdc746a63ac5b8c2dbeb6235fd91b4dd662ce9c92e8547c58c2a0e3a647f551b", [:mix], [], "hexpm"},
  "tokumei": {:hex, :tokumei, "0.6.3", "edf6c03229d59e88271079b92945fd4166fa5c1926220f1136ec054bd051a47c", [:mix], [{:ace_http, "~> 0.4.5", [hex: :ace_http, repo: "hexpm", optional: true]}, {:raxx, "~> 0.11.1", [hex: :raxx, repo: "hexpm", optional: false]}, {:raxx_cookie, "~> 0.1.0", [hex: :raxx_cookie, repo: "hexpm", optional: false]}, {:raxx_static, "~> 0.3.0", [hex: :raxx_static, repo: "hexpm", optional: false]}], "hexpm"}}
